# THIS IS AN AUTOGENERATED FILE. DO NOT EDIT THIS FILE DIRECTLY.
# yarn lockfile v1


"@types/aws-lambda@^8.10.97":
  "integrity" "sha512-UTI9ZPw4VzvgYUJ7gUU77/ovGrIniRRWiMWxms5dP+1fsxNPeP/cOopQ0mxXPc9NvbeROcDUDN34m8eEhdEitg=="
  "resolved" "http://npm.bohr.io:5000/@types%2faws-lambda/-/aws-lambda-8.10.107.tgz"
  "version" "8.10.107"

"@types/node@*":
  "integrity" "sha512-WdlVphvfR/GJCLEMbNA8lJ0lhFNBj4SW3O+O5/cEGw9oYrv0al9zTwuQsq+myDUXgNx2jgBynoVgZ2MMJ6pbow=="
  "resolved" "http://npm.bohr.io:5000/@types%2fnode/-/node-18.8.4.tgz"
  "version" "18.8.4"

"@types/node@^17.0.36":
  "integrity" "sha512-w+tIMs3rq2afQdsPJlODhoUEKzFP1ayaoyl1CcnwtIlsVe7K7bA1NGm4s3PraqTLlXnbIN84zuBlxBWo1u9BLw=="
  "resolved" "http://npm.bohr.io:5000/@types%2fnode/-/node-17.0.45.tgz"
  "version" "17.0.45"

"@types/shimmer@^1.0.2":
  "integrity" "sha512-dKkr1bTxbEsFlh2ARpKzcaAmsYixqt9UyCdoEZk8rHyE4iQYcDCyvSjDSf7JUWJHlJiTtbIoQjxKh6ViywqDAg=="
  "resolved" "http://npm.bohr.io:5000/@types%2fshimmer/-/shimmer-1.0.2.tgz"
  "version" "1.0.2"

"@types/ws@^8.5.3":
  "integrity" "sha512-6YOoWjruKj1uLf3INHH7D3qTXwFfEsg1kf3c0uDdSBJwfa/llkwIjrAGV7j7mVgGNbzTQ3HiHKKDXl6bJPD97w=="
  "resolved" "http://npm.bohr.io:5000/@types%2fws/-/ws-8.5.3.tgz"
  "version" "8.5.3"
  dependencies:
    "@types/node" "*"

"engine.io-parser@^5.0.4":
  "integrity" "sha512-+nVFp+5z1E3HcToEnO7ZIj3g+3k9389DvWtvJZz0T6/eOCPIyyxehFcedoYrZQrp0LgQbD9pPXhpMBKMd5QURg=="
  "resolved" "http://npm.bohr.io:5000/engine.io-parser/-/engine.io-parser-5.0.4.tgz"
  "version" "5.0.4"

"serialize-error@^11.0.0":
  "integrity" "sha512-YKrURWDqcT3VGX/s/pCwaWtpfJEEaEw5Y4gAnQDku92b/HjVj4r4UhA5QrMVMFotymK2wIWs5xthny5SMFu7Vw=="
  "resolved" "http://npm.bohr.io:5000/serialize-error/-/serialize-error-11.0.0.tgz"
  "version" "11.0.0"
  dependencies:
    "type-fest" "^2.12.2"

"shimmer@^1.2.1":
  "integrity" "sha512-sQTKC1Re/rM6XyFM6fIAGHRPVGvyXfgzIDvzoq608vM+jeyVD0Tu1E6Np0Kc2zAIFWIj963V2800iF/9LPieQw=="
  "resolved" "http://npm.bohr.io:5000/shimmer/-/shimmer-1.2.1.tgz"
  "version" "1.2.1"

"source-map@^0.7.4":
  "integrity" "sha512-l3BikUxvPOcn5E74dZiq5BGsTb5yEwhaTSzccU6t4sDOH8NWJCstKO5QT2CvtFoK6F0saL7p9xHAqHOlCPJygA=="
  "resolved" "https://registry.npmjs.org/source-map/-/source-map-0.7.4.tgz"
  "version" "0.7.4"

"type-fest@^2.12.2":
  "integrity" "sha512-RAH822pAdBgcNMAfWnCBU3CFZcfZ/i1eZjwFU/dsLKumyuuP3niueg2UAukXYF0E2AAoc82ZSSf9J0WQBinzHA=="
  "resolved" "http://npm.bohr.io:5000/type-fest/-/type-fest-2.19.0.tgz"
  "version" "2.19.0"

"typescript@^4.7.2":
  "integrity" "sha512-QCh+85mCy+h0IGff8r5XWzOVSbBO+KfeYrMQh7NJ58QujwcE22u+NUSmUxqF+un70P9GXKxa2HCNiTTMJknyjQ=="
  "resolved" "http://npm.bohr.io:5000/typescript/-/typescript-4.8.4.tgz"
  "version" "4.8.4"

"ws@^8.7.0":
  "integrity" "sha512-bGy2JzvzkPowEJV++hF07hAD6niYSr0JzBNo/J29WsB57A2r7Wlc1UFcTR9IzrPvuNVO4B8LGqF8qcpsVOhJCA=="
  "resolved" "http://npm.bohr.io:5000/ws/-/ws-8.8.1.tgz"
  "version" "8.8.1"
